
Microsoft Visual Studio Solution File, Format Version 12.00
# Visual Studio 15
VisualStudioVersion = 15.0.27703.2026
MinimumVisualStudioVersion = 10.0.40219.1
Project("{FAE04EC0-301F-11D3-BF4B-00C04F79EFBC}") = "Server", "Server\Server.csproj", "{CDB5340C-2D7A-415F-9A94-9C5DB585F175}"
EndProject
Project("{FAE04EC0-301F-11D3-BF4B-00C04F79EFBC}") = "Client", "Client\Client.csproj", "{59182301-D07A-42D2-AC69-891106493D9D}"
EndProject
Global
	GlobalSection(SolutionConfigurationPlatforms) = preSolution
		Debug|Any CPU = Debug|Any CPU
		Release|Any CPU = Release|Any CPU
	EndGlobalSection
	GlobalSection(ProjectConfigurationPlatforms) = postSolution
		{CDB5340C-2D7A-415F-9A94-9C5DB585F175}.Debug|Any CPU.ActiveCfg = Debug|Any CPU
		{CDB5340C-2D7A-415F-9A94-9C5DB585F175}.Debug|Any CPU.Build.0 = Debug|Any CPU
		{CDB5340C-2D7A-415F-9A94-9C5DB585F175}.Release|Any CPU.ActiveCfg = Release|Any CPU
		{CDB5340C-2D7A-415F-9A94-9C5DB585F175}.Release|Any CPU.Build.0 = Release|Any CPU
		{59182301-D07A-42D2-AC69-891106493D9D}.Debug|Any CPU.ActiveCfg = Debug|Any CPU
		{59182301-D07A-42D2-AC69-891106493D9D}.Debug|Any CPU.Build.0 = Debug|Any CPU
		{59182301-D07A-42D2-AC69-891106493D9D}.Release|Any CPU.ActiveCfg = Release|Any CPU
		{59182301-D07A-42D2-AC69-891106493D9D}.Release|Any CPU.Build.0 = Release|Any CPU
	EndGlobalSection
	GlobalSection(SolutionProperties) = preSolution
		HideSolutionNode = FALSE
	EndGlobalSection
	GlobalSection(ExtensibilityGlobals) = postSolution
		SolutionGuid = {59158A1F-4A71-4FA2-A2FB-8696CD0081D2}
	EndGlobalSection
EndGlobal
